
Microsoft Visual Studio Solution File, Format Version 12.00
Project("{FAE04EC0-301F-11D3-BF4B-00C04F79EFBC}") = "Cable", "Cable.csproj", "{547A5EF4-2DD1-4BF1-82F1-F4363F02955D}"
EndProject
Global
	GlobalSection(SolutionConfigurationPlatforms) = preSolution
		Debug|Any CPU = Debug|Any CPU
		Release|Any CPU = Release|Any CPU
	EndGlobalSection
	GlobalSection(ProjectConfigurationPlatforms) = postSolution
		{547A5EF4-2DD1-4BF1-82F1-F4363F02955D}.Debug|Any CPU.ActiveCfg = Debug|Any CPU
		{547A5EF4-2DD1-4BF1-82F1-F4363F02955D}.Debug|Any CPU.Build.0 = Debug|Any CPU
		{547A5EF4-2DD1-4BF1-82F1-F4363F02955D}.Release|Any CPU.ActiveCfg = Release|Any CPU
		{547A5EF4-2DD1-4BF1-82F1-F4363F02955D}.Release|Any CPU.Build.0 = Release|Any CPU
	EndGlobalSection
EndGlobal
